github.com/brianvoe/gofakeit/v7 v7.12.1 h1:df1tiI4SL1dR5Ix4D/r6a3a+nXBJ/OBGU5jEKRBmmqg=
github.com/brianvoe/gofakeit/v7 v7.12.1/go.mod h1:QXuPeBw164PJCzCUZVmgpgHJ3Llj49jSLVkKPMtxtxA=
github.com/davecgh/go-spew v1.1.2-0.20180830191138-d8f796af33cc h1:U9qPSI2PIWSS1VwoXQT9A3Wy9MM3WgvqSxFWenqJduM=
github.com/davecgh/go-spew v1.1.2-0.20180830191138-d8f796af33cc/go.mod h1:J7Y8YcW2NihsgmVo/mv3lAwl/skON4iLHjSsI+c5H38=
github.com/google/go-cmp v0.6.0 h1:ofyhxvXcZhMsU5ulbFiLKl/XBFqE1GSq7atu8tAmTRI=
github.com/google/go-cmp v0.6.0/go.mod h1:17dUlkBOakJ0+DkrSSNjCkIjxS6bF9zb3elmeNGIjoY=
github.com/google/uuid v1.6.0 h1:NIvaJDMOsjHA8n1jAhLSgzrAzy1Hgr+hNrb57e+94F0=
github.com/google/uuid v1.6.0/go.mod h1:TIyPZe4MgqvfeYDBFedMoGGpEw/LqOeaOT+nhxU+yHo=
github.com/jinzhu/inflection v1.0.0 h1:K317FqzuhWc8YvSVlFMCCUb36O/S9MCKRDI7QkRKD/E=
github.com/jinzhu/inflection v1.0.0/go.mod h1:h+uFLlag+Qp1Va5pdKtLDYj+kHp5pxUVkryuEj+Srlc=
github.com/jinzhu/now v1.1.5 h1:/o9tlHleP7gOFmsnYNz3RGnqzefHA47wQpKrrdTIwXQ=
github.com/jinzhu/now v1.1.5/go.mod h1:d3SSVoowX0Lcu0IBviAWJpolVfI5UJVZZ7cO71lE/z8=
github.com/kr/pretty v0.3.1 h1:flRD4NNwYAUpkphVc1HcthR4KEIFJ65n8Mw5qdRn3LE=
github.com/kr/pretty v0.3.1/go.mod h1:hoEshYVHaxMs3cyo3Yncou5ZscifuDolrwPKZanG3xk=
github.com/kr/text v0.2.0 h1:5Nx0Ya0ZqY2ygV366QzturHI13Jq95ApcVaJBhpS+AY=
github.com/kr/text v0.2.0/go.mod h1:eLer722TekiGuMkidMxC/pM04lWEeraHUUmBw8l2grE=
github.com/mattn/go-sqlite3 v1.14.32 h1:JD12Ag3oLy1zQA+BNn74xRgaBbdhbNIDYvQUEuuErjs=
github.com/mattn/go-sqlite3 v1.14.32/go.mod h1:Uh1q+B4BYcTPb+yiD3kU8Ct7aC0hY9fxUwlHK0RXw+Y=
github.com/pkg/errors v0.9.1 h1:FEBLx1zS214owpjy7qsBeixbURkuhQAwrK5UwLGTwt4=
github.com/pkg/errors v0.9.1/go.mod h1:bwawxfHBFNV+L2hUp1rHADufV3IMtnDRdf1r5NINEl0=
github.com/pmezard/go-difflib v1.0.1-0.20181226105442-5d4384ee4fb2 h1:Jamvg5psRIccs7FGNTlIRMkT8wgtp5eCXdBlqhYGL6U=
github.com/pmezard/go-difflib v1.0.1-0.20181226105442-5d4384ee4fb2/go.mod h1:iKH77koFhYxTK1pcRnkKkqfTogsbg7gZNVY4sRDYZ/4=
github.com/rogpeppe/go-internal v1.13.1 h1:KvO1DLK/DRN07sQ1LQKScxyZJuNnedQ5/wKSR38lUII=
github.com/rogpeppe/go-internal v1.13.1/go.mod h1:uMEvuHeurkdAXX61udpOXGD/AzZDWNMNyH2VO9fmH0o=
github.com/stretchr/testify v1.11.1 h1:7s2iGBzp5EwR7/aIZr8ao5+dra3wiQyKjjFuvgVKu7U=
github.com/stretchr/testify v1.11.1/go.mod h1:wZwfW3scLgRK+23gO65QZefKpKQRnfz6sD981Nm4B6U=
github.com/yyle88/done v1.0.28 h1:ZlC5ENTHAR0CQm19t1WhpbtKsKNPwsrXRtDewFsq4HA=
github.com/yyle88/done v1.0.28/go.mod h1:dc0SzvQkX4NLEIz2shgYvETprQ6c0VZb+DCDtIi9n2Q=
github.com/yyle88/erero v1.0.24 h1:yroawlW4IohY4bK4SonMBNI2tlZftPjtfhYYBtBfCxw=
github.com/yyle88/erero v1.0.24/go.mod h1:KoTJmpyuKtQddt1QEQidwmewilCWwEH8rn5NsIAZ8XE=
github.com/yyle88/formatgo v1.0.28 h1:xetQgoIpSnUkgL3EkPx3AP1Tl0uS/1d03NhmcFrWcqo=
github.com/yyle88/formatgo v1.0.28/go.mod h1:3IwR7CXcv1UcZm6tLpaG/tCB4tXf5UktXS810zaPj7c=
github.com/yyle88/gormcnm v1.0.60 h1:akNjjvQXN4jE6ZZddC8cX6wj3xlSjMXIRJ2tZhoRxj4=
github.com/yyle88/gormcnm v1.0.60/go.mod h1:8dPXfBA8+4d95EZugp+hrIZscGljaLWOM8rXTsYwlck=
github.com/yyle88/must v0.0.29 h1:hEcuuWSkpFB97gkcrXHSfjxGSkYiv8J6wy18yWAUuyw=
github.com/yyle88/must v0.0.29/go.mod h1:zdbS6m5NzOhEqsO45wOaxDdQsh5YT3Tyz0DlY4rBpko=
github.com/yyle88/mutexmap v1.0.15 h1:vqwtvomfzddcuBNg8hofWnILRFK2STJhWU7AufuNS50=
github.com/yyle88/mutexmap v1.0.15/go.mod h1:NqwsKlK+NkL18i4BepeyCgtenXuw4N5UUnEX9XBfPA8=
github.com/yyle88/neatjson v0.0.13 h1:+1Ihb43IZLkYAd+lapnvUJN20bTjSAkoTE/2gssBew8=
github.com/yyle88/neatjson v0.0.13/go.mod h1:BOgA69f27Bd/yj2xnIWldratF3WwIrMKrBgo9eIZGb0=
github.com/yyle88/osexistpath v0.0.18 h1:mBi01278glkoTlPE3xTbO5/GT9iGEowOZ5pL/29qas0=
github.com/yyle88/osexistpath v0.0.18/go.mod h1:iTuJ9S07VIiq2azsSYUiheZtDXKlU819v9YAuSL40Uk=
github.com/yyle88/printgo v1.0.6 h1:b53uyCdlijObvuyHVECiiEWQIDfuOpuHVrkNQIdR5bU=
github.com/yyle88/printgo v1.0.6/go.mod h1:14qsuuTovdfgHtle0e4ln6zci47Xtkdx9CCkUo3vxoc=
github.com/yyle88/rese v0.0.12 h1:3cbPm5XmqPiRK2yj+nAUl50ci+9t8pEYOAVp+cKOX8w=
github.com/yyle88/rese v0.0.12/go.mod h1:FGfU5brwe1PcyRobQh40/9gse51QVfJOLmBV/0DXSfA=
github.com/yyle88/runpath v1.0.25 h1:WfeVd/7pLxpCvMhrLptKYNaplApJldveY9O7un67d3U=
github.com/yyle88/runpath v1.0.25/go.mod h1:Iv9y6waZR95gUMMsK96WNAbF3wknfoPUd7xuQf/+CNY=
github.com/yyle88/sortx v1.0.11 h1:zUoviJVkrp5daRssn2Q9fi+8rhVaLTrNIM+n7dgucSw=
github.com/yyle88/sortx v1.0.11/go.mod h1:vVwHKufNGCoi9DQo2BBGmBcsvhcOyWWpkUWDxPQ1l90=
github.com/yyle88/sure v0.0.42 h1:dsA7p/46AR9vanEPWYLJrlXEmwb+E/DePtImKzlKaBc=
github.com/yyle88/sure v0.0.42/go.mod h1:G1YnfMptgQkkM+rOXoiAnFYt78z0fZMV3NTwHXfaCJU=
github.com/yyle88/syntaxgo v0.0.54 h1:CBQA4HqLgo5Hoze/PDUsnDJ8J+raoYLa1OTH+sQtFwY=
github.com/yyle88/syntaxgo v0.0.54/go.mod h1:3hNzb1C8zfk527A45181sFB/3gCl1hgIcDyTC1UqKzk=
github.com/yyle88/tern v0.0.10 h1:2MvDoVyfIeEzskMpLE6B07dtRpSqI6LaeUD/mGuLW7o=
github.com/yyle88/tern v0.0.10/go.mod h1:OHHE2G1gYaX4q0uu3sG9JAK9dBjHboxGcTXbRPVoGeQ=
github.com/yyle88/zaplog v0.0.27 h1:Bd/XWeAeRDEsFdtHphEqPK+W3M9WNd/dzf5x6YXeSkY=
github.com/yyle88/zaplog v0.0.27/go.mod h1:0BOxIR1lFh4vdiCyR5zuj4DmTFK36FbpjOWAdjMwSDU=
go.uber.org/goleak v1.3.0 h1:2K3zAYmnTNqV73imy9J1T3WC+gmCePx2hEGkimedGto=
go.uber.org/goleak v1.3.0/go.mod h1:CoHD4mav9JJNrW/WLlf7HGZPjdw8EucARQHekz1X6bE=
go.uber.org/multierr v1.11.0 h1:blXXJkSxSSfBVBlC76pxqeO+LN3aDfLQo+309xJstO0=
go.uber.org/multierr v1.11.0/go.mod h1:20+QtiLqy0Nd6FdQB9TLXag12DsQkrbs3htMFfDN80Y=
go.uber.org/zap v1.27.1 h1:08RqriUEv8+ArZRYSTXy1LeBScaMpVSTBhCeaZYfMYc=
go.uber.org/zap v1.27.1/go.mod h1:GB2qFLM7cTU87MWRP2mPIjqfIDnGu+VIO4V/SdhGo2E=
golang.org/x/exp v0.0.0-20251209150349-8475f28825e9 h1:MDfG8Cvcqlt9XXrmEiD4epKn7VJHZO84hejP9Jmp0MM=
golang.org/x/exp v0.0.0-20251209150349-8475f28825e9/go.mod h1:EPRbTFwzwjXj9NpYyyrvenVh9Y+GFeEvMNh7Xuz7xgU=
golang.org/x/mod v0.31.0 h1:HaW9xtz0+kOcWKwli0ZXy79Ix+UW/vOfmWI5QVd2tgI=
golang.org/x/mod v0.31.0/go.mod h1:43JraMp9cGx1Rx3AqioxrbrhNsLl2l/iNAvuBkrezpg=
golang.org/x/sync v0.19.0 h1:vV+1eWNmZ5geRlYjzm2adRgW2/mcpevXNg50YZtPCE4=
golang.org/x/sync v0.19.0/go.mod h1:9KTHXmSnoGruLpwFjVSX0lNNA75CykiMECbovNTZqGI=
golang.org/x/text v0.32.0 h1:ZD01bjUt1FQ9WJ0ClOL5vxgxOI/sVCNgX1YtKwcY0mU=
golang.org/x/text v0.32.0/go.mod h1:o/rUWzghvpD5TXrTIBuJU77MTaN0ljMWE47kxGJQ7jY=
golang.org/x/tools v0.40.0 h1:yLkxfA+Qnul4cs9QA3KnlFu0lVmd8JJfoq+E41uSutA=
golang.org/x/tools v0.40.0/go.mod h1:Ik/tzLRlbscWpqqMRjyWYDisX8bG13FrdXp3o4Sr9lc=
gopkg.in/check.v1 v0.0.0-20161208181325-20d25e280405/go.mod h1:Co6ibVJAznAaIkqp8huTwlJQCZ016jof/cbN4VW5Yz0=
gopkg.in/check.v1 v1.0.0-20201130134442-10cb98267c6c h1:Hei/4ADfdWqJk1ZMxUNpqntNwaWcugrBjAiHlqqRiVk=
gopkg.in/check.v1 v1.0.0-20201130134442-10cb98267c6c/go.mod h1:JHkPIbrfpd72SG/EVd6muEfDQjcINNoR0C8j2r3qZ4Q=
gopkg.in/yaml.v3 v3.0.1 h1:fxVm/GzAzEWqLHuvctI91KS9hhNmmWOoWu0XTYJS7CA=
gopkg.in/yaml.v3 v3.0.1/go.mod h1:K4uyk7z7BCEPqu6E+C64Yfv1cQ7kz7rIZviUmN+EgEM=
gorm.io/driver/sqlite v1.6.0 h1:WHRRrIiulaPiPFmDcod6prc4l2VGVWHz80KspNsxSfQ=
gorm.io/driver/sqlite v1.6.0/go.mod h1:AO9V1qIQddBESngQUKWL9yoH93HIeA1X6V633rBwyT8=
gorm.io/gorm v1.31.1 h1:7CA8FTFz/gRfgqgpeKIBcervUn3xSyPUmr6B2WXJ7kg=
gorm.io/gorm v1.31.1/go.mod h1:XyQVbO2k6YkOis7C2437jSit3SsDK72s7n7rsSHd+Gs=
