github.com/brianvoe/gofakeit/v7 v7.9.0 h1:6NsaMy9D5ZKVwIZ1V8L//J2FrOF3546FcXDElWLx994=
github.com/brianvoe/gofakeit/v7 v7.9.0/go.mod h1:QXuPeBw164PJCzCUZVmgpgHJ3Llj49jSLVkKPMtxtxA=
github.com/davecgh/go-spew v1.1.2-0.20180830191138-d8f796af33cc h1:U9qPSI2PIWSS1VwoXQT9A3Wy9MM3WgvqSxFWenqJduM=
github.com/davecgh/go-spew v1.1.2-0.20180830191138-d8f796af33cc/go.mod h1:J7Y8YcW2NihsgmVo/mv3lAwl/skON4iLHjSsI+c5H38=
github.com/google/go-cmp v0.6.0 h1:ofyhxvXcZhMsU5ulbFiLKl/XBFqE1GSq7atu8tAmTRI=
github.com/google/go-cmp v0.6.0/go.mod h1:17dUlkBOakJ0+DkrSSNjCkIjxS6bF9zb3elmeNGIjoY=
github.com/google/uuid v1.6.0 h1:NIvaJDMOsjHA8n1jAhLSgzrAzy1Hgr+hNrb57e+94F0=
github.com/google/uuid v1.6.0/go.mod h1:TIyPZe4MgqvfeYDBFedMoGGpEw/LqOeaOT+nhxU+yHo=
github.com/jinzhu/inflection v1.0.0 h1:K317FqzuhWc8YvSVlFMCCUb36O/S9MCKRDI7QkRKD/E=
github.com/jinzhu/inflection v1.0.0/go.mod h1:h+uFLlag+Qp1Va5pdKtLDYj+kHp5pxUVkryuEj+Srlc=
github.com/jinzhu/now v1.1.5 h1:/o9tlHleP7gOFmsnYNz3RGnqzefHA47wQpKrrdTIwXQ=
github.com/jinzhu/now v1.1.5/go.mod h1:d3SSVoowX0Lcu0IBviAWJpolVfI5UJVZZ7cO71lE/z8=
github.com/kr/pretty v0.3.1 h1:flRD4NNwYAUpkphVc1HcthR4KEIFJ65n8Mw5qdRn3LE=
github.com/kr/pretty v0.3.1/go.mod h1:hoEshYVHaxMs3cyo3Yncou5ZscifuDolrwPKZanG3xk=
github.com/kr/text v0.2.0 h1:5Nx0Ya0ZqY2ygV366QzturHI13Jq95ApcVaJBhpS+AY=
github.com/kr/text v0.2.0/go.mod h1:eLer722TekiGuMkidMxC/pM04lWEeraHUUmBw8l2grE=
github.com/mattn/go-sqlite3 v1.14.32 h1:JD12Ag3oLy1zQA+BNn74xRgaBbdhbNIDYvQUEuuErjs=
github.com/mattn/go-sqlite3 v1.14.32/go.mod h1:Uh1q+B4BYcTPb+yiD3kU8Ct7aC0hY9fxUwlHK0RXw+Y=
github.com/pkg/errors v0.9.1 h1:FEBLx1zS214owpjy7qsBeixbURkuhQAwrK5UwLGTwt4=
github.com/pkg/errors v0.9.1/go.mod h1:bwawxfHBFNV+L2hUp1rHADufV3IMtnDRdf1r5NINEl0=
github.com/pmezard/go-difflib v1.0.1-0.20181226105442-5d4384ee4fb2 h1:Jamvg5psRIccs7FGNTlIRMkT8wgtp5eCXdBlqhYGL6U=
github.com/pmezard/go-difflib v1.0.1-0.20181226105442-5d4384ee4fb2/go.mod h1:iKH77koFhYxTK1pcRnkKkqfTogsbg7gZNVY4sRDYZ/4=
github.com/rogpeppe/go-internal v1.13.1 h1:KvO1DLK/DRN07sQ1LQKScxyZJuNnedQ5/wKSR38lUII=
github.com/rogpeppe/go-internal v1.13.1/go.mod h1:uMEvuHeurkdAXX61udpOXGD/AzZDWNMNyH2VO9fmH0o=
github.com/stretchr/testify v1.11.1 h1:7s2iGBzp5EwR7/aIZr8ao5+dra3wiQyKjjFuvgVKu7U=
github.com/stretchr/testify v1.11.1/go.mod h1:wZwfW3scLgRK+23gO65QZefKpKQRnfz6sD981Nm4B6U=
github.com/yyle88/done v1.0.28 h1:ZlC5ENTHAR0CQm19t1WhpbtKsKNPwsrXRtDewFsq4HA=
github.com/yyle88/done v1.0.28/go.mod h1:dc0SzvQkX4NLEIz2shgYvETprQ6c0VZb+DCDtIi9n2Q=
github.com/yyle88/erero v1.0.24 h1:yroawlW4IohY4bK4SonMBNI2tlZftPjtfhYYBtBfCxw=
github.com/yyle88/erero v1.0.24/go.mod h1:KoTJmpyuKtQddt1QEQidwmewilCWwEH8rn5NsIAZ8XE=
github.com/yyle88/formatgo v1.0.28 h1:xetQgoIpSnUkgL3EkPx3AP1Tl0uS/1d03NhmcFrWcqo=
github.com/yyle88/formatgo v1.0.28/go.mod h1:3IwR7CXcv1UcZm6tLpaG/tCB4tXf5UktXS810zaPj7c=
github.com/yyle88/gormcnm v1.0.59 h1:V/vdr8SOxbMMjY+2XCOcBQwZFlNWSsN89b3FxOmPPhY=
github.com/yyle88/gormcnm v1.0.59/go.mod h1:8dPXfBA8+4d95EZugp+hrIZscGljaLWOM8rXTsYwlck=
github.com/yyle88/must v0.0.28 h1:p6iO/tD3wuHfaiILQixI7IoZ501384wdAfgFnFlL1t0=
github.com/yyle88/must v0.0.28/go.mod h1:3KE9bwEdCCodFDmyXQOMLnjKBI+TD0uW+tf1ZH0dxlo=
github.com/yyle88/mutexmap v1.0.15 h1:vqwtvomfzddcuBNg8hofWnILRFK2STJhWU7AufuNS50=
github.com/yyle88/mutexmap v1.0.15/go.mod h1:NqwsKlK+NkL18i4BepeyCgtenXuw4N5UUnEX9XBfPA8=
github.com/yyle88/neatjson v0.0.13 h1:+1Ihb43IZLkYAd+lapnvUJN20bTjSAkoTE/2gssBew8=
github.com/yyle88/neatjson v0.0.13/go.mod h1:BOgA69f27Bd/yj2xnIWldratF3WwIrMKrBgo9eIZGb0=
github.com/yyle88/osexistpath v0.0.18 h1:mBi01278glkoTlPE3xTbO5/GT9iGEowOZ5pL/29qas0=
github.com/yyle88/osexistpath v0.0.18/go.mod h1:iTuJ9S07VIiq2azsSYUiheZtDXKlU819v9YAuSL40Uk=
github.com/yyle88/printgo v1.0.6 h1:b53uyCdlijObvuyHVECiiEWQIDfuOpuHVrkNQIdR5bU=
github.com/yyle88/printgo v1.0.6/go.mod h1:14qsuuTovdfgHtle0e4ln6zci47Xtkdx9CCkUo3vxoc=
github.com/yyle88/rese v0.0.12 h1:3cbPm5XmqPiRK2yj+nAUl50ci+9t8pEYOAVp+cKOX8w=
github.com/yyle88/rese v0.0.12/go.mod h1:FGfU5brwe1PcyRobQh40/9gse51QVfJOLmBV/0DXSfA=
github.com/yyle88/runpath v1.0.25 h1:WfeVd/7pLxpCvMhrLptKYNaplApJldveY9O7un67d3U=
github.com/yyle88/runpath v1.0.25/go.mod h1:Iv9y6waZR95gUMMsK96WNAbF3wknfoPUd7xuQf/+CNY=
github.com/yyle88/sortx v1.0.11 h1:zUoviJVkrp5daRssn2Q9fi+8rhVaLTrNIM+n7dgucSw=
github.com/yyle88/sortx v1.0.11/go.mod h1:vVwHKufNGCoi9DQo2BBGmBcsvhcOyWWpkUWDxPQ1l90=
github.com/yyle88/sure v0.0.42 h1:dsA7p/46AR9vanEPWYLJrlXEmwb+E/DePtImKzlKaBc=
github.com/yyle88/sure v0.0.42/go.mod h1:G1YnfMptgQkkM+rOXoiAnFYt78z0fZMV3NTwHXfaCJU=
github.com/yyle88/syntaxgo v0.0.53 h1:3W4S5ncRdq3hUp3Qjw4GqB+mAxypJCycMo/mMJP+1vc=
github.com/yyle88/syntaxgo v0.0.53/go.mod h1:68EidTlDxVi/iaCJeg0menpA4v/xbq+ITxa1aKdmjLo=
github.com/yyle88/tern v0.0.10 h1:2MvDoVyfIeEzskMpLE6B07dtRpSqI6LaeUD/mGuLW7o=
github.com/yyle88/tern v0.0.10/go.mod h1:OHHE2G1gYaX4q0uu3sG9JAK9dBjHboxGcTXbRPVoGeQ=
github.com/yyle88/zaplog v0.0.27 h1:Bd/XWeAeRDEsFdtHphEqPK+W3M9WNd/dzf5x6YXeSkY=
github.com/yyle88/zaplog v0.0.27/go.mod h1:0BOxIR1lFh4vdiCyR5zuj4DmTFK36FbpjOWAdjMwSDU=
go.uber.org/goleak v1.3.0 h1:2K3zAYmnTNqV73imy9J1T3WC+gmCePx2hEGkimedGto=
go.uber.org/goleak v1.3.0/go.mod h1:CoHD4mav9JJNrW/WLlf7HGZPjdw8EucARQHekz1X6bE=
go.uber.org/multierr v1.11.0 h1:blXXJkSxSSfBVBlC76pxqeO+LN3aDfLQo+309xJstO0=
go.uber.org/multierr v1.11.0/go.mod h1:20+QtiLqy0Nd6FdQB9TLXag12DsQkrbs3htMFfDN80Y=
go.uber.org/zap v1.27.1 h1:08RqriUEv8+ArZRYSTXy1LeBScaMpVSTBhCeaZYfMYc=
go.uber.org/zap v1.27.1/go.mod h1:GB2qFLM7cTU87MWRP2mPIjqfIDnGu+VIO4V/SdhGo2E=
golang.org/x/exp v0.0.0-20250210185358-939b2ce775ac h1:l5+whBCLH3iH2ZNHYLbAe58bo7yrN4mVcnkHDYz5vvs=
golang.org/x/exp v0.0.0-20250210185358-939b2ce775ac/go.mod h1:hH+7mtFmImwwcMvScyxUhjuVHR3HGaDPMn9rMSUUbxo=
golang.org/x/mod v0.23.0 h1:Zb7khfcRGKk+kqfxFaP5tZqCnDZMjC5VtUBs87Hr6QM=
golang.org/x/mod v0.23.0/go.mod h1:6SkKJ3Xj0I0BrPOZoBy3bdMptDDU9oJrpohJ3eWZ1fY=
golang.org/x/sync v0.11.0 h1:GGz8+XQP4FvTTrjZPzNKTMFtSXH80RAzG+5ghFPgK9w=
golang.org/x/sync v0.11.0/go.mod h1:Czt+wKu1gCyEFDUtn0jG5QVvpJ6rzVqr5aXyt9drQfk=
golang.org/x/text v0.22.0 h1:bofq7m3/HAFvbF51jz3Q9wLg3jkvSPuiZu/pD1XwgtM=
golang.org/x/text v0.22.0/go.mod h1:YRoo4H8PVmsu+E3Ou7cqLVH8oXWIHVoX0jqUWALQhfY=
golang.org/x/tools v0.30.0 h1:BgcpHewrV5AUp2G9MebG4XPFI1E2W41zU1SaqVA9vJY=
golang.org/x/tools v0.30.0/go.mod h1:c347cR/OJfw5TI+GfX7RUPNMdDRRbjvYTS0jPyvsVtY=
gopkg.in/check.v1 v0.0.0-20161208181325-20d25e280405/go.mod h1:Co6ibVJAznAaIkqp8huTwlJQCZ016jof/cbN4VW5Yz0=
gopkg.in/check.v1 v1.0.0-20201130134442-10cb98267c6c h1:Hei/4ADfdWqJk1ZMxUNpqntNwaWcugrBjAiHlqqRiVk=
gopkg.in/check.v1 v1.0.0-20201130134442-10cb98267c6c/go.mod h1:JHkPIbrfpd72SG/EVd6muEfDQjcINNoR0C8j2r3qZ4Q=
gopkg.in/yaml.v3 v3.0.1 h1:fxVm/GzAzEWqLHuvctI91KS9hhNmmWOoWu0XTYJS7CA=
gopkg.in/yaml.v3 v3.0.1/go.mod h1:K4uyk7z7BCEPqu6E+C64Yfv1cQ7kz7rIZviUmN+EgEM=
gorm.io/driver/sqlite v1.6.0 h1:WHRRrIiulaPiPFmDcod6prc4l2VGVWHz80KspNsxSfQ=
gorm.io/driver/sqlite v1.6.0/go.mod h1:AO9V1qIQddBESngQUKWL9yoH93HIeA1X6V633rBwyT8=
gorm.io/gorm v1.31.1 h1:7CA8FTFz/gRfgqgpeKIBcervUn3xSyPUmr6B2WXJ7kg=
gorm.io/gorm v1.31.1/go.mod h1:XyQVbO2k6YkOis7C2437jSit3SsDK72s7n7rsSHd+Gs=
